
Microsoft Visual Studio Solution File, Format Version 12.00
# Visual Studio Version 17
VisualStudioVersion = 17.0.31903.59
MinimumVisualStudioVersion = 10.0.40219.1
Project("{2150E333-8FDC-42A3-9474-1A3956D46DE8}") = "Federation", "Federation", "{F544626F-0ACC-1E66-E932-1965AFB0983B}"
EndProject
Project("{2150E333-8FDC-42A3-9474-1A3956D46DE8}") = "src", "src", "{910724A1-5C70-E117-91AB-51C79B692277}"
EndProject
Project("{2150E333-8FDC-42A3-9474-1A3956D46DE8}") = "Domain", "Domain", "{394DE61F-0CF1-8373-F709-498C488D83C1}"
EndProject
Project("{FAE04EC0-301F-11D3-BF4B-00C04F79EFBC}") = "Wangkanai.Federation.Domain", "Federation\src\Domain\Wangkanai.Federation.Domain.csproj", "{0D694F8A-2A42-437C-BF0B-3D6B88C3AC5D}"
EndProject
Project("{FAE04EC0-301F-11D3-BF4B-00C04F79EFBC}") = "Wangkanai.Federation", "Federation\src\Federation\Wangkanai.Federation.csproj", "{494CB920-C1BD-4D56-8EF7-B06407B0EF8B}"
EndProject
Project("{FAE04EC0-301F-11D3-BF4B-00C04F79EFBC}") = "Wangkanai.Federation.AspNetIdentity", "Federation\src\AspNetIdentity\Wangkanai.Federation.AspNetIdentity.csproj", "{8227A141-C7AE-4951-9400-03A29A51F6EB}"
EndProject
Project("{FAE04EC0-301F-11D3-BF4B-00C04F79EFBC}") = "Wangkanai.Federation.EntityFramework", "Federation\src\EntityFramework\Wangkanai.Federation.EntityFramework.csproj", "{33B5013D-2EA6-4853-ACCD-34B7B0126B94}"
EndProject
Project("{FAE04EC0-301F-11D3-BF4B-00C04F79EFBC}") = "Wangkanai.Federation.AuthProxyBackend", "Federation\src\AuthProxyBackend\Wangkanai.Federation.AuthProxyBackend.csproj", "{45A87800-1638-4CF0-B918-8677FD8FAD34}"
EndProject
Project("{FAE04EC0-301F-11D3-BF4B-00C04F79EFBC}") = "Wangkanai.Federation.Tests", "Federation\tests\Federation\Wangkanai.Federation.Tests.csproj", "{B541FB8D-9CAF-4DBC-A4C6-B95D1F6C3153}"
EndProject
Project("{FAE04EC0-301F-11D3-BF4B-00C04F79EFBC}") = "Wangkanai.Federation.Domain.Tests", "Federation\tests\Domain\Wangkanai.Federation.Domain.Tests.csproj", "{C73C8C0B-04C1-4CDF-B9D9-42A4030DB98C}"
EndProject
Project("{FAE04EC0-301F-11D3-BF4B-00C04F79EFBC}") = "Wangkanai.Identity", "Identity\src\Wangkanai.Identity.csproj", "{F56B6EF7-3701-48DB-A2AB-30BCBD8EC367}"
EndProject
Project("{FAE04EC0-301F-11D3-BF4B-00C04F79EFBC}") = "Wangkanai.Identity.Tests", "Identity\tests\Wangkanai.Identity.Tests.csproj", "{D7D0E387-AE54-4CA8-8FB8-C554057656F0}"
EndProject
Project("{FAE04EC0-301F-11D3-BF4B-00C04F79EFBC}") = "Wangkanai.Security.Core", "Security\src\Core\Wangkanai.Security.Core.csproj", "{F6EABEF7-FE3C-4E90-90AE-DBB543AB9DAD}"
EndProject
Project("{FAE04EC0-301F-11D3-BF4B-00C04F79EFBC}") = "Wangkanai.Security.Authentication", "Security\src\Authentication\Wangkanai.Security.Authentication.csproj", "{44981DC2-1FEA-4936-B1AD-6887F373E243}"
EndProject
Project("{FAE04EC0-301F-11D3-BF4B-00C04F79EFBC}") = "Wangkanai.Security.Authorization", "Security\src\Authorization\Wangkanai.Security.Authorization.csproj", "{0F7BED38-31E4-46CF-A904-E414477ED304}"
EndProject
Project("{FAE04EC0-301F-11D3-BF4B-00C04F79EFBC}") = "Wangkanai.Security.Tests", "Security\tests\Security\Wangkanai.Security.Tests.csproj", "{CEA30F8E-7C6D-4057-9BB4-9955C997C06D}"
EndProject
Global
	GlobalSection(SolutionConfigurationPlatforms) = preSolution
		Debug|Any CPU = Debug|Any CPU
		Debug|x64 = Debug|x64
		Debug|x86 = Debug|x86
		Release|Any CPU = Release|Any CPU
		Release|x64 = Release|x64
		Release|x86 = Release|x86
	EndGlobalSection
	GlobalSection(ProjectConfigurationPlatforms) = postSolution
		{0D694F8A-2A42-437C-BF0B-3D6B88C3AC5D}.Debug|Any CPU.ActiveCfg = Debug|Any CPU
		{0D694F8A-2A42-437C-BF0B-3D6B88C3AC5D}.Debug|Any CPU.Build.0 = Debug|Any CPU
		{0D694F8A-2A42-437C-BF0B-3D6B88C3AC5D}.Debug|x64.ActiveCfg = Debug|Any CPU
		{0D694F8A-2A42-437C-BF0B-3D6B88C3AC5D}.Debug|x64.Build.0 = Debug|Any CPU
		{0D694F8A-2A42-437C-BF0B-3D6B88C3AC5D}.Debug|x86.ActiveCfg = Debug|Any CPU
		{0D694F8A-2A42-437C-BF0B-3D6B88C3AC5D}.Debug|x86.Build.0 = Debug|Any CPU
		{0D694F8A-2A42-437C-BF0B-3D6B88C3AC5D}.Release|Any CPU.ActiveCfg = Release|Any CPU
		{0D694F8A-2A42-437C-BF0B-3D6B88C3AC5D}.Release|Any CPU.Build.0 = Release|Any CPU
		{0D694F8A-2A42-437C-BF0B-3D6B88C3AC5D}.Release|x64.ActiveCfg = Release|Any CPU
		{0D694F8A-2A42-437C-BF0B-3D6B88C3AC5D}.Release|x64.Build.0 = Release|Any CPU
		{0D694F8A-2A42-437C-BF0B-3D6B88C3AC5D}.Release|x86.ActiveCfg = Release|Any CPU
		{0D694F8A-2A42-437C-BF0B-3D6B88C3AC5D}.Release|x86.Build.0 = Release|Any CPU
		{494CB920-C1BD-4D56-8EF7-B06407B0EF8B}.Debug|Any CPU.ActiveCfg = Debug|Any CPU
		{494CB920-C1BD-4D56-8EF7-B06407B0EF8B}.Debug|Any CPU.Build.0 = Debug|Any CPU
		{494CB920-C1BD-4D56-8EF7-B06407B0EF8B}.Debug|x64.ActiveCfg = Debug|Any CPU
		{494CB920-C1BD-4D56-8EF7-B06407B0EF8B}.Debug|x64.Build.0 = Debug|Any CPU
		{494CB920-C1BD-4D56-8EF7-B06407B0EF8B}.Debug|x86.ActiveCfg = Debug|Any CPU
		{494CB920-C1BD-4D56-8EF7-B06407B0EF8B}.Debug|x86.Build.0 = Debug|Any CPU
		{494CB920-C1BD-4D56-8EF7-B06407B0EF8B}.Release|Any CPU.ActiveCfg = Release|Any CPU
		{494CB920-C1BD-4D56-8EF7-B06407B0EF8B}.Release|Any CPU.Build.0 = Release|Any CPU
		{494CB920-C1BD-4D56-8EF7-B06407B0EF8B}.Release|x64.ActiveCfg = Release|Any CPU
		{494CB920-C1BD-4D56-8EF7-B06407B0EF8B}.Release|x64.Build.0 = Release|Any CPU
		{494CB920-C1BD-4D56-8EF7-B06407B0EF8B}.Release|x86.ActiveCfg = Release|Any CPU
		{494CB920-C1BD-4D56-8EF7-B06407B0EF8B}.Release|x86.Build.0 = Release|Any CPU
		{8227A141-C7AE-4951-9400-03A29A51F6EB}.Debug|Any CPU.ActiveCfg = Debug|Any CPU
		{8227A141-C7AE-4951-9400-03A29A51F6EB}.Debug|Any CPU.Build.0 = Debug|Any CPU
		{8227A141-C7AE-4951-9400-03A29A51F6EB}.Debug|x64.ActiveCfg = Debug|Any CPU
		{8227A141-C7AE-4951-9400-03A29A51F6EB}.Debug|x64.Build.0 = Debug|Any CPU
		{8227A141-C7AE-4951-9400-03A29A51F6EB}.Debug|x86.ActiveCfg = Debug|Any CPU
		{8227A141-C7AE-4951-9400-03A29A51F6EB}.Debug|x86.Build.0 = Debug|Any CPU
		{8227A141-C7AE-4951-9400-03A29A51F6EB}.Release|Any CPU.ActiveCfg = Release|Any CPU
		{8227A141-C7AE-4951-9400-03A29A51F6EB}.Release|Any CPU.Build.0 = Release|Any CPU
		{8227A141-C7AE-4951-9400-03A29A51F6EB}.Release|x64.ActiveCfg = Release|Any CPU
		{8227A141-C7AE-4951-9400-03A29A51F6EB}.Release|x64.Build.0 = Release|Any CPU
		{8227A141-C7AE-4951-9400-03A29A51F6EB}.Release|x86.ActiveCfg = Release|Any CPU
		{8227A141-C7AE-4951-9400-03A29A51F6EB}.Release|x86.Build.0 = Release|Any CPU
		{33B5013D-2EA6-4853-ACCD-34B7B0126B94}.Debug|Any CPU.ActiveCfg = Debug|Any CPU
		{33B5013D-2EA6-4853-ACCD-34B7B0126B94}.Debug|Any CPU.Build.0 = Debug|Any CPU
		{33B5013D-2EA6-4853-ACCD-34B7B0126B94}.Debug|x64.ActiveCfg = Debug|Any CPU
		{33B5013D-2EA6-4853-ACCD-34B7B0126B94}.Debug|x64.Build.0 = Debug|Any CPU
		{33B5013D-2EA6-4853-ACCD-34B7B0126B94}.Debug|x86.ActiveCfg = Debug|Any CPU
		{33B5013D-2EA6-4853-ACCD-34B7B0126B94}.Debug|x86.Build.0 = Debug|Any CPU
		{33B5013D-2EA6-4853-ACCD-34B7B0126B94}.Release|Any CPU.ActiveCfg = Release|Any CPU
		{33B5013D-2EA6-4853-ACCD-34B7B0126B94}.Release|Any CPU.Build.0 = Release|Any CPU
		{33B5013D-2EA6-4853-ACCD-34B7B0126B94}.Release|x64.ActiveCfg = Release|Any CPU
		{33B5013D-2EA6-4853-ACCD-34B7B0126B94}.Release|x64.Build.0 = Release|Any CPU
		{33B5013D-2EA6-4853-ACCD-34B7B0126B94}.Release|x86.ActiveCfg = Release|Any CPU
		{33B5013D-2EA6-4853-ACCD-34B7B0126B94}.Release|x86.Build.0 = Release|Any CPU
		{45A87800-1638-4CF0-B918-8677FD8FAD34}.Debug|Any CPU.ActiveCfg = Debug|Any CPU
		{45A87800-1638-4CF0-B918-8677FD8FAD34}.Debug|Any CPU.Build.0 = Debug|Any CPU
		{45A87800-1638-4CF0-B918-8677FD8FAD34}.Debug|x64.ActiveCfg = Debug|Any CPU
		{45A87800-1638-4CF0-B918-8677FD8FAD34}.Debug|x64.Build.0 = Debug|Any CPU
		{45A87800-1638-4CF0-B918-8677FD8FAD34}.Debug|x86.ActiveCfg = Debug|Any CPU
		{45A87800-1638-4CF0-B918-8677FD8FAD34}.Debug|x86.Build.0 = Debug|Any CPU
		{45A87800-1638-4CF0-B918-8677FD8FAD34}.Release|Any CPU.ActiveCfg = Release|Any CPU
		{45A87800-1638-4CF0-B918-8677FD8FAD34}.Release|Any CPU.Build.0 = Release|Any CPU
		{45A87800-1638-4CF0-B918-8677FD8FAD34}.Release|x64.ActiveCfg = Release|Any CPU
		{45A87800-1638-4CF0-B918-8677FD8FAD34}.Release|x64.Build.0 = Release|Any CPU
		{45A87800-1638-4CF0-B918-8677FD8FAD34}.Release|x86.ActiveCfg = Release|Any CPU
		{45A87800-1638-4CF0-B918-8677FD8FAD34}.Release|x86.Build.0 = Release|Any CPU
		{B541FB8D-9CAF-4DBC-A4C6-B95D1F6C3153}.Debug|Any CPU.ActiveCfg = Debug|Any CPU
		{B541FB8D-9CAF-4DBC-A4C6-B95D1F6C3153}.Debug|Any CPU.Build.0 = Debug|Any CPU
		{B541FB8D-9CAF-4DBC-A4C6-B95D1F6C3153}.Debug|x64.ActiveCfg = Debug|Any CPU
		{B541FB8D-9CAF-4DBC-A4C6-B95D1F6C3153}.Debug|x64.Build.0 = Debug|Any CPU
		{B541FB8D-9CAF-4DBC-A4C6-B95D1F6C3153}.Debug|x86.ActiveCfg = Debug|Any CPU
		{B541FB8D-9CAF-4DBC-A4C6-B95D1F6C3153}.Debug|x86.Build.0 = Debug|Any CPU
		{B541FB8D-9CAF-4DBC-A4C6-B95D1F6C3153}.Release|Any CPU.ActiveCfg = Release|Any CPU
		{B541FB8D-9CAF-4DBC-A4C6-B95D1F6C3153}.Release|Any CPU.Build.0 = Release|Any CPU
		{B541FB8D-9CAF-4DBC-A4C6-B95D1F6C3153}.Release|x64.ActiveCfg = Release|Any CPU
		{B541FB8D-9CAF-4DBC-A4C6-B95D1F6C3153}.Release|x64.Build.0 = Release|Any CPU
		{B541FB8D-9CAF-4DBC-A4C6-B95D1F6C3153}.Release|x86.ActiveCfg = Release|Any CPU
		{B541FB8D-9CAF-4DBC-A4C6-B95D1F6C3153}.Release|x86.Build.0 = Release|Any CPU
		{C73C8C0B-04C1-4CDF-B9D9-42A4030DB98C}.Debug|Any CPU.ActiveCfg = Debug|Any CPU
		{C73C8C0B-04C1-4CDF-B9D9-42A4030DB98C}.Debug|Any CPU.Build.0 = Debug|Any CPU
		{C73C8C0B-04C1-4CDF-B9D9-42A4030DB98C}.Debug|x64.ActiveCfg = Debug|Any CPU
		{C73C8C0B-04C1-4CDF-B9D9-42A4030DB98C}.Debug|x64.Build.0 = Debug|Any CPU
		{C73C8C0B-04C1-4CDF-B9D9-42A4030DB98C}.Debug|x86.ActiveCfg = Debug|Any CPU
		{C73C8C0B-04C1-4CDF-B9D9-42A4030DB98C}.Debug|x86.Build.0 = Debug|Any CPU
		{C73C8C0B-04C1-4CDF-B9D9-42A4030DB98C}.Release|Any CPU.ActiveCfg = Release|Any CPU
		{C73C8C0B-04C1-4CDF-B9D9-42A4030DB98C}.Release|Any CPU.Build.0 = Release|Any CPU
		{C73C8C0B-04C1-4CDF-B9D9-42A4030DB98C}.Release|x64.ActiveCfg = Release|Any CPU
		{C73C8C0B-04C1-4CDF-B9D9-42A4030DB98C}.Release|x64.Build.0 = Release|Any CPU
		{C73C8C0B-04C1-4CDF-B9D9-42A4030DB98C}.Release|x86.ActiveCfg = Release|Any CPU
		{C73C8C0B-04C1-4CDF-B9D9-42A4030DB98C}.Release|x86.Build.0 = Release|Any CPU
		{F56B6EF7-3701-48DB-A2AB-30BCBD8EC367}.Debug|Any CPU.ActiveCfg = Debug|Any CPU
		{F56B6EF7-3701-48DB-A2AB-30BCBD8EC367}.Debug|Any CPU.Build.0 = Debug|Any CPU
		{F56B6EF7-3701-48DB-A2AB-30BCBD8EC367}.Debug|x64.ActiveCfg = Debug|Any CPU
		{F56B6EF7-3701-48DB-A2AB-30BCBD8EC367}.Debug|x64.Build.0 = Debug|Any CPU
		{F56B6EF7-3701-48DB-A2AB-30BCBD8EC367}.Debug|x86.ActiveCfg = Debug|Any CPU
		{F56B6EF7-3701-48DB-A2AB-30BCBD8EC367}.Debug|x86.Build.0 = Debug|Any CPU
		{F56B6EF7-3701-48DB-A2AB-30BCBD8EC367}.Release|Any CPU.ActiveCfg = Release|Any CPU
		{F56B6EF7-3701-48DB-A2AB-30BCBD8EC367}.Release|Any CPU.Build.0 = Release|Any CPU
		{F56B6EF7-3701-48DB-A2AB-30BCBD8EC367}.Release|x64.ActiveCfg = Release|Any CPU
		{F56B6EF7-3701-48DB-A2AB-30BCBD8EC367}.Release|x64.Build.0 = Release|Any CPU
		{F56B6EF7-3701-48DB-A2AB-30BCBD8EC367}.Release|x86.ActiveCfg = Release|Any CPU
		{F56B6EF7-3701-48DB-A2AB-30BCBD8EC367}.Release|x86.Build.0 = Release|Any CPU
		{D7D0E387-AE54-4CA8-8FB8-C554057656F0}.Debug|Any CPU.ActiveCfg = Debug|Any CPU
		{D7D0E387-AE54-4CA8-8FB8-C554057656F0}.Debug|Any CPU.Build.0 = Debug|Any CPU
		{D7D0E387-AE54-4CA8-8FB8-C554057656F0}.Debug|x64.ActiveCfg = Debug|Any CPU
		{D7D0E387-AE54-4CA8-8FB8-C554057656F0}.Debug|x64.Build.0 = Debug|Any CPU
		{D7D0E387-AE54-4CA8-8FB8-C554057656F0}.Debug|x86.ActiveCfg = Debug|Any CPU
		{D7D0E387-AE54-4CA8-8FB8-C554057656F0}.Debug|x86.Build.0 = Debug|Any CPU
		{D7D0E387-AE54-4CA8-8FB8-C554057656F0}.Release|Any CPU.ActiveCfg = Release|Any CPU
		{D7D0E387-AE54-4CA8-8FB8-C554057656F0}.Release|Any CPU.Build.0 = Release|Any CPU
		{D7D0E387-AE54-4CA8-8FB8-C554057656F0}.Release|x64.ActiveCfg = Release|Any CPU
		{D7D0E387-AE54-4CA8-8FB8-C554057656F0}.Release|x64.Build.0 = Release|Any CPU
		{D7D0E387-AE54-4CA8-8FB8-C554057656F0}.Release|x86.ActiveCfg = Release|Any CPU
		{D7D0E387-AE54-4CA8-8FB8-C554057656F0}.Release|x86.Build.0 = Release|Any CPU
		{F6EABEF7-FE3C-4E90-90AE-DBB543AB9DAD}.Debug|Any CPU.ActiveCfg = Debug|Any CPU
		{F6EABEF7-FE3C-4E90-90AE-DBB543AB9DAD}.Debug|Any CPU.Build.0 = Debug|Any CPU
		{F6EABEF7-FE3C-4E90-90AE-DBB543AB9DAD}.Debug|x64.ActiveCfg = Debug|Any CPU
		{F6EABEF7-FE3C-4E90-90AE-DBB543AB9DAD}.Debug|x64.Build.0 = Debug|Any CPU
		{F6EABEF7-FE3C-4E90-90AE-DBB543AB9DAD}.Debug|x86.ActiveCfg = Debug|Any CPU
		{F6EABEF7-FE3C-4E90-90AE-DBB543AB9DAD}.Debug|x86.Build.0 = Debug|Any CPU
		{F6EABEF7-FE3C-4E90-90AE-DBB543AB9DAD}.Release|Any CPU.ActiveCfg = Release|Any CPU
		{F6EABEF7-FE3C-4E90-90AE-DBB543AB9DAD}.Release|Any CPU.Build.0 = Release|Any CPU
		{F6EABEF7-FE3C-4E90-90AE-DBB543AB9DAD}.Release|x64.ActiveCfg = Release|Any CPU
		{F6EABEF7-FE3C-4E90-90AE-DBB543AB9DAD}.Release|x64.Build.0 = Release|Any CPU
		{F6EABEF7-FE3C-4E90-90AE-DBB543AB9DAD}.Release|x86.ActiveCfg = Release|Any CPU
		{F6EABEF7-FE3C-4E90-90AE-DBB543AB9DAD}.Release|x86.Build.0 = Release|Any CPU
		{44981DC2-1FEA-4936-B1AD-6887F373E243}.Debug|Any CPU.ActiveCfg = Debug|Any CPU
		{44981DC2-1FEA-4936-B1AD-6887F373E243}.Debug|Any CPU.Build.0 = Debug|Any CPU
		{44981DC2-1FEA-4936-B1AD-6887F373E243}.Debug|x64.ActiveCfg = Debug|Any CPU
		{44981DC2-1FEA-4936-B1AD-6887F373E243}.Debug|x64.Build.0 = Debug|Any CPU
		{44981DC2-1FEA-4936-B1AD-6887F373E243}.Debug|x86.ActiveCfg = Debug|Any CPU
		{44981DC2-1FEA-4936-B1AD-6887F373E243}.Debug|x86.Build.0 = Debug|Any CPU
		{44981DC2-1FEA-4936-B1AD-6887F373E243}.Release|Any CPU.ActiveCfg = Release|Any CPU
		{44981DC2-1FEA-4936-B1AD-6887F373E243}.Release|Any CPU.Build.0 = Release|Any CPU
		{44981DC2-1FEA-4936-B1AD-6887F373E243}.Release|x64.ActiveCfg = Release|Any CPU
		{44981DC2-1FEA-4936-B1AD-6887F373E243}.Release|x64.Build.0 = Release|Any CPU
		{44981DC2-1FEA-4936-B1AD-6887F373E243}.Release|x86.ActiveCfg = Release|Any CPU
		{44981DC2-1FEA-4936-B1AD-6887F373E243}.Release|x86.Build.0 = Release|Any CPU
		{0F7BED38-31E4-46CF-A904-E414477ED304}.Debug|Any CPU.ActiveCfg = Debug|Any CPU
		{0F7BED38-31E4-46CF-A904-E414477ED304}.Debug|Any CPU.Build.0 = Debug|Any CPU
		{0F7BED38-31E4-46CF-A904-E414477ED304}.Debug|x64.ActiveCfg = Debug|Any CPU
		{0F7BED38-31E4-46CF-A904-E414477ED304}.Debug|x64.Build.0 = Debug|Any CPU
		{0F7BED38-31E4-46CF-A904-E414477ED304}.Debug|x86.ActiveCfg = Debug|Any CPU
		{0F7BED38-31E4-46CF-A904-E414477ED304}.Debug|x86.Build.0 = Debug|Any CPU
		{0F7BED38-31E4-46CF-A904-E414477ED304}.Release|Any CPU.ActiveCfg = Release|Any CPU
		{0F7BED38-31E4-46CF-A904-E414477ED304}.Release|Any CPU.Build.0 = Release|Any CPU
		{0F7BED38-31E4-46CF-A904-E414477ED304}.Release|x64.ActiveCfg = Release|Any CPU
		{0F7BED38-31E4-46CF-A904-E414477ED304}.Release|x64.Build.0 = Release|Any CPU
		{0F7BED38-31E4-46CF-A904-E414477ED304}.Release|x86.ActiveCfg = Release|Any CPU
		{0F7BED38-31E4-46CF-A904-E414477ED304}.Release|x86.Build.0 = Release|Any CPU
		{CEA30F8E-7C6D-4057-9BB4-9955C997C06D}.Debug|Any CPU.ActiveCfg = Debug|Any CPU
		{CEA30F8E-7C6D-4057-9BB4-9955C997C06D}.Debug|Any CPU.Build.0 = Debug|Any CPU
		{CEA30F8E-7C6D-4057-9BB4-9955C997C06D}.Debug|x64.ActiveCfg = Debug|Any CPU
		{CEA30F8E-7C6D-4057-9BB4-9955C997C06D}.Debug|x64.Build.0 = Debug|Any CPU
		{CEA30F8E-7C6D-4057-9BB4-9955C997C06D}.Debug|x86.ActiveCfg = Debug|Any CPU
		{CEA30F8E-7C6D-4057-9BB4-9955C997C06D}.Debug|x86.Build.0 = Debug|Any CPU
		{CEA30F8E-7C6D-4057-9BB4-9955C997C06D}.Release|Any CPU.ActiveCfg = Release|Any CPU
		{CEA30F8E-7C6D-4057-9BB4-9955C997C06D}.Release|Any CPU.Build.0 = Release|Any CPU
		{CEA30F8E-7C6D-4057-9BB4-9955C997C06D}.Release|x64.ActiveCfg = Release|Any CPU
		{CEA30F8E-7C6D-4057-9BB4-9955C997C06D}.Release|x64.Build.0 = Release|Any CPU
		{CEA30F8E-7C6D-4057-9BB4-9955C997C06D}.Release|x86.ActiveCfg = Release|Any CPU
		{CEA30F8E-7C6D-4057-9BB4-9955C997C06D}.Release|x86.Build.0 = Release|Any CPU
	EndGlobalSection
	GlobalSection(SolutionProperties) = preSolution
		HideSolutionNode = FALSE
	EndGlobalSection
	GlobalSection(NestedProjects) = preSolution
		{910724A1-5C70-E117-91AB-51C79B692277} = {F544626F-0ACC-1E66-E932-1965AFB0983B}
		{394DE61F-0CF1-8373-F709-498C488D83C1} = {910724A1-5C70-E117-91AB-51C79B692277}
		{0D694F8A-2A42-437C-BF0B-3D6B88C3AC5D} = {394DE61F-0CF1-8373-F709-498C488D83C1}
		{494CB920-C1BD-4D56-8EF7-B06407B0EF8B} = {394DE61F-0CF1-8373-F709-498C488D83C1}
		{8227A141-C7AE-4951-9400-03A29A51F6EB} = {394DE61F-0CF1-8373-F709-498C488D83C1}
		{33B5013D-2EA6-4853-ACCD-34B7B0126B94} = {394DE61F-0CF1-8373-F709-498C488D83C1}
		{45A87800-1638-4CF0-B918-8677FD8FAD34} = {394DE61F-0CF1-8373-F709-498C488D83C1}
		{B541FB8D-9CAF-4DBC-A4C6-B95D1F6C3153} = {394DE61F-0CF1-8373-F709-498C488D83C1}
		{C73C8C0B-04C1-4CDF-B9D9-42A4030DB98C} = {394DE61F-0CF1-8373-F709-498C488D83C1}
		{F56B6EF7-3701-48DB-A2AB-30BCBD8EC367} = {394DE61F-0CF1-8373-F709-498C488D83C1}
		{D7D0E387-AE54-4CA8-8FB8-C554057656F0} = {394DE61F-0CF1-8373-F709-498C488D83C1}
		{F6EABEF7-FE3C-4E90-90AE-DBB543AB9DAD} = {394DE61F-0CF1-8373-F709-498C488D83C1}
		{44981DC2-1FEA-4936-B1AD-6887F373E243} = {394DE61F-0CF1-8373-F709-498C488D83C1}
		{0F7BED38-31E4-46CF-A904-E414477ED304} = {394DE61F-0CF1-8373-F709-498C488D83C1}
		{CEA30F8E-7C6D-4057-9BB4-9955C997C06D} = {394DE61F-0CF1-8373-F709-498C488D83C1}
	EndGlobalSection
EndGlobal
